{
  "name": "music-player",
  "version": "1.0.0",
  "lockfileVersion": 3,
  "requires": true,
  "packages": {
    "": {
      "name": "music-player",
      "version": "1.0.0",
      "license": "MIT",
      "devDependencies": {
        "http-server": "^14.1.1"
      }
    }
  },
  "dependencies": {
    "http-server": {
      "version": "^14.1.1",
      "dev": true
    }
  }
}
